
Microsoft Visual Studio Solution File, Format Version 12.00
# Visual Studio Version 16
VisualStudioVersion = 16.0.33027.164
MinimumVisualStudioVersion = 10.0.40219.1
Project("{FAE04EC0-301F-11D3-BF4B-00C04F79EFBC}") = "TwoNumberProj", "TwoNumberProj\TwoNumberProj.csproj", "{578B9FEE-D576-4702-8C5D-738FD9B69FF0}"
EndProject
Global
	GlobalSection(SolutionConfigurationPlatforms) = preSolution
		Debug|Any CPU = Debug|Any CPU
		Release|Any CPU = Release|Any CPU
	EndGlobalSection
	GlobalSection(ProjectConfigurationPlatforms) = postSolution
		{578B9FEE-D576-4702-8C5D-738FD9B69FF0}.Debug|Any CPU.ActiveCfg = Debug|Any CPU
		{578B9FEE-D576-4702-8C5D-738FD9B69FF0}.Debug|Any CPU.Build.0 = Debug|Any CPU
		{578B9FEE-D576-4702-8C5D-738FD9B69FF0}.Release|Any CPU.ActiveCfg = Release|Any CPU
		{578B9FEE-D576-4702-8C5D-738FD9B69FF0}.Release|Any CPU.Build.0 = Release|Any CPU
	EndGlobalSection
	GlobalSection(SolutionProperties) = preSolution
		HideSolutionNode = FALSE
	EndGlobalSection
	GlobalSection(ExtensibilityGlobals) = postSolution
		SolutionGuid = {E5DD912C-4A3A-4BE4-BB33-C0D2F388F897}
	EndGlobalSection
EndGlobal
